
Microsoft Visual Studio Solution File, Format Version 12.00
# Visual Studio Version 16
VisualStudioVersion = 16.0.31105.61
MinimumVisualStudioVersion = 10.0.40219.1
Project("{FAE04EC0-301F-11D3-BF4B-00C04F79EFBC}") = "ApiDotNetCore", "ApiDotNetCore\ApiDotNetCore.csproj", "{2365D044-0B75-4A79-86B1-8CFFB3CCEAB8}"
EndProject
Global
	GlobalSection(SolutionConfigurationPlatforms) = preSolution
		Debug|Any CPU = Debug|Any CPU
		Release|Any CPU = Release|Any CPU
	EndGlobalSection
	GlobalSection(ProjectConfigurationPlatforms) = postSolution
		{2365D044-0B75-4A79-86B1-8CFFB3CCEAB8}.Debug|Any CPU.ActiveCfg = Debug|Any CPU
		{2365D044-0B75-4A79-86B1-8CFFB3CCEAB8}.Debug|Any CPU.Build.0 = Debug|Any CPU
		{2365D044-0B75-4A79-86B1-8CFFB3CCEAB8}.Release|Any CPU.ActiveCfg = Release|Any CPU
		{2365D044-0B75-4A79-86B1-8CFFB3CCEAB8}.Release|Any CPU.Build.0 = Release|Any CPU
	EndGlobalSection
	GlobalSection(SolutionProperties) = preSolution
		HideSolutionNode = FALSE
	EndGlobalSection
	GlobalSection(ExtensibilityGlobals) = postSolution
		SolutionGuid = {E16FDCDD-2A94-485A-A23A-C2458AC27832}
	EndGlobalSection
EndGlobal
